
Microsoft Visual Studio Solution File, Format Version 12.00
# Visual Studio Version 17
VisualStudioVersion = 17.14.36518.9
MinimumVisualStudioVersion = 10.0.40219.1
Project("{FAE04EC0-301F-11D3-BF4B-00C04F79EFBC}") = "AccountingSystemWinForms", "AccountingSystemWinForms.csproj", "{4B38F4F3-56C1-4594-BE43-D0A1C9C3DDB8}"
EndProject
Project("{2150E333-8FDC-42A3-9474-1A3956D46DE8}") = "Solution Items", "Solution Items", "{8EC462FD-D22E-90A8-E5CE-7E832BA40C5D}"
EndProject
Project("{54435603-DBB4-11D2-8724-00A0C9A8B90C}") = "AccountingSystemSetup", "..\AccountingSystemSetup\AccountingSystemSetup.vdproj", "{7A0AF58F-EBDD-74D6-2687-90E6C469D20C}"
EndProject
Global
	GlobalSection(SolutionConfigurationPlatforms) = preSolution
		Debug|Any CPU = Debug|Any CPU
		Release|Any CPU = Release|Any CPU
	EndGlobalSection
	GlobalSection(ProjectConfigurationPlatforms) = postSolution
		{4B38F4F3-56C1-4594-BE43-D0A1C9C3DDB8}.Debug|Any CPU.ActiveCfg = Debug|Any CPU
		{4B38F4F3-56C1-4594-BE43-D0A1C9C3DDB8}.Debug|Any CPU.Build.0 = Debug|Any CPU
		{4B38F4F3-56C1-4594-BE43-D0A1C9C3DDB8}.Release|Any CPU.ActiveCfg = Release|Any CPU
		{4B38F4F3-56C1-4594-BE43-D0A1C9C3DDB8}.Release|Any CPU.Build.0 = Release|Any CPU
		{7A0AF58F-EBDD-74D6-2687-90E6C469D20C}.Debug|Any CPU.ActiveCfg = Debug
		{7A0AF58F-EBDD-74D6-2687-90E6C469D20C}.Release|Any CPU.ActiveCfg = Release
		{7A0AF58F-EBDD-74D6-2687-90E6C469D20C}.Release|Any CPU.Build.0 = Release
	EndGlobalSection
	GlobalSection(SolutionProperties) = preSolution
		HideSolutionNode = FALSE
	EndGlobalSection
	GlobalSection(ExtensibilityGlobals) = postSolution
		SolutionGuid = {D0623F52-491F-4D85-ACD5-FBA9FCD41406}
	EndGlobalSection
EndGlobal
